
Microsoft Visual Studio Solution File, Format Version 12.00
# Visual Studio Version 16
VisualStudioVersion = 16.0.29509.3
MinimumVisualStudioVersion = 10.0.40219.1
Project("{FAE04EC0-301F-11D3-BF4B-00C04F79EFBC}") = "SessionServer", "SessionServer\SessionServer.csproj", "{97A11F97-435D-4369-B519-2AB21953107C}"
EndProject
Global
	GlobalSection(SolutionConfigurationPlatforms) = preSolution
		Debug|Any CPU = Debug|Any CPU
		Release|Any CPU = Release|Any CPU
	EndGlobalSection
	GlobalSection(ProjectConfigurationPlatforms) = postSolution
		{97A11F97-435D-4369-B519-2AB21953107C}.Debug|Any CPU.ActiveCfg = Debug|Any CPU
		{97A11F97-435D-4369-B519-2AB21953107C}.Debug|Any CPU.Build.0 = Debug|Any CPU
		{97A11F97-435D-4369-B519-2AB21953107C}.Release|Any CPU.ActiveCfg = Release|Any CPU
		{97A11F97-435D-4369-B519-2AB21953107C}.Release|Any CPU.Build.0 = Release|Any CPU
	EndGlobalSection
	GlobalSection(SolutionProperties) = preSolution
		HideSolutionNode = FALSE
	EndGlobalSection
	GlobalSection(ExtensibilityGlobals) = postSolution
		SolutionGuid = {992A19DD-91DB-4311-9E93-BFAC8F2718E8}
	EndGlobalSection
EndGlobal
